
Microsoft Visual Studio Solution File, Format Version 12.00
# Visual Studio Version 17
VisualStudioVersion = 17.14.36221.1 d17.14
MinimumVisualStudioVersion = 10.0.40219.1
Project("{FAE04EC0-301F-11D3-BF4B-00C04F79EFBC}") = "Assignment01-EFCore01", "Assignment01-EFCore01\Assignment01-EFCore01.csproj", "{3A3A32FB-844E-4A60-B995-4B5EC017D8ED}"
EndProject
Global
	GlobalSection(SolutionConfigurationPlatforms) = preSolution
		Debug|Any CPU = Debug|Any CPU
		Release|Any CPU = Release|Any CPU
	EndGlobalSection
	GlobalSection(ProjectConfigurationPlatforms) = postSolution
		{3A3A32FB-844E-4A60-B995-4B5EC017D8ED}.Debug|Any CPU.ActiveCfg = Debug|Any CPU
		{3A3A32FB-844E-4A60-B995-4B5EC017D8ED}.Debug|Any CPU.Build.0 = Debug|Any CPU
		{3A3A32FB-844E-4A60-B995-4B5EC017D8ED}.Release|Any CPU.ActiveCfg = Release|Any CPU
		{3A3A32FB-844E-4A60-B995-4B5EC017D8ED}.Release|Any CPU.Build.0 = Release|Any CPU
	EndGlobalSection
	GlobalSection(SolutionProperties) = preSolution
		HideSolutionNode = FALSE
	EndGlobalSection
	GlobalSection(ExtensibilityGlobals) = postSolution
		SolutionGuid = {EE361368-E5FE-4102-A906-909CFE2DC039}
	EndGlobalSection
EndGlobal
